
Microsoft Visual Studio Solution File, Format Version 12.00
# Visual Studio Version 16
VisualStudioVersion = 16.0.29102.190
MinimumVisualStudioVersion = 10.0.40219.1
Project("{8BC9CEB8-8B4A-11D0-8D11-00A0C91BC942}") = "half_div", "half_div\half_div.vcxproj", "{9D3853A8-974D-4EE6-A9DB-AAD4FCAE3BBA}"
EndProject
Global
	GlobalSection(SolutionConfigurationPlatforms) = preSolution
		Debug|x64 = Debug|x64
		Debug|x86 = Debug|x86
		Release|x64 = Release|x64
		Release|x86 = Release|x86
	EndGlobalSection
	GlobalSection(ProjectConfigurationPlatforms) = postSolution
		{9D3853A8-974D-4EE6-A9DB-AAD4FCAE3BBA}.Debug|x64.ActiveCfg = Debug|x64
		{9D3853A8-974D-4EE6-A9DB-AAD4FCAE3BBA}.Debug|x64.Build.0 = Debug|x64
		{9D3853A8-974D-4EE6-A9DB-AAD4FCAE3BBA}.Debug|x86.ActiveCfg = Debug|Win32
		{9D3853A8-974D-4EE6-A9DB-AAD4FCAE3BBA}.Debug|x86.Build.0 = Debug|Win32
		{9D3853A8-974D-4EE6-A9DB-AAD4FCAE3BBA}.Release|x64.ActiveCfg = Release|x64
		{9D3853A8-974D-4EE6-A9DB-AAD4FCAE3BBA}.Release|x64.Build.0 = Release|x64
		{9D3853A8-974D-4EE6-A9DB-AAD4FCAE3BBA}.Release|x86.ActiveCfg = Release|Win32
		{9D3853A8-974D-4EE6-A9DB-AAD4FCAE3BBA}.Release|x86.Build.0 = Release|Win32
	EndGlobalSection
	GlobalSection(SolutionProperties) = preSolution
		HideSolutionNode = FALSE
	EndGlobalSection
	GlobalSection(ExtensibilityGlobals) = postSolution
		SolutionGuid = {D60D0B1E-55A7-43EE-B764-A593A4D4FD5D}
	EndGlobalSection
EndGlobal
